
Microsoft Visual Studio Solution File, Format Version 12.00
# Visual Studio 15
VisualStudioVersion = 15.0.26124.0
MinimumVisualStudioVersion = 15.0.26124.0
Project("{FAE04EC0-301F-11D3-BF4B-00C04F79EFBC}") = "console", "console\console.csproj", "{AE4F592E-3ED4-489D-9D08-8B94A82658B3}"
EndProject
Project("{FAE04EC0-301F-11D3-BF4B-00C04F79EFBC}") = "santa-claus-problem", "santa-claus-problem\santa-claus-problem.csproj", "{7E97C3FD-EF33-40AC-9FCC-FD3704373548}"
EndProject
Project("{FAE04EC0-301F-11D3-BF4B-00C04F79EFBC}") = "web-app", "web-app\web-app.csproj", "{31C3D27A-5DBF-4955-A557-EC77EADAEFF5}"
EndProject
Global
	GlobalSection(SolutionConfigurationPlatforms) = preSolution
		Debug|Any CPU = Debug|Any CPU
		Debug|x64 = Debug|x64
		Debug|x86 = Debug|x86
		Release|Any CPU = Release|Any CPU
		Release|x64 = Release|x64
		Release|x86 = Release|x86
	EndGlobalSection
	GlobalSection(SolutionProperties) = preSolution
		HideSolutionNode = FALSE
	EndGlobalSection
	GlobalSection(ProjectConfigurationPlatforms) = postSolution
		{AE4F592E-3ED4-489D-9D08-8B94A82658B3}.Debug|Any CPU.ActiveCfg = Debug|Any CPU
		{AE4F592E-3ED4-489D-9D08-8B94A82658B3}.Debug|Any CPU.Build.0 = Debug|Any CPU
		{AE4F592E-3ED4-489D-9D08-8B94A82658B3}.Debug|x64.ActiveCfg = Debug|Any CPU
		{AE4F592E-3ED4-489D-9D08-8B94A82658B3}.Debug|x64.Build.0 = Debug|Any CPU
		{AE4F592E-3ED4-489D-9D08-8B94A82658B3}.Debug|x86.ActiveCfg = Debug|Any CPU
		{AE4F592E-3ED4-489D-9D08-8B94A82658B3}.Debug|x86.Build.0 = Debug|Any CPU
		{AE4F592E-3ED4-489D-9D08-8B94A82658B3}.Release|Any CPU.ActiveCfg = Release|Any CPU
		{AE4F592E-3ED4-489D-9D08-8B94A82658B3}.Release|Any CPU.Build.0 = Release|Any CPU
		{AE4F592E-3ED4-489D-9D08-8B94A82658B3}.Release|x64.ActiveCfg = Release|Any CPU
		{AE4F592E-3ED4-489D-9D08-8B94A82658B3}.Release|x64.Build.0 = Release|Any CPU
		{AE4F592E-3ED4-489D-9D08-8B94A82658B3}.Release|x86.ActiveCfg = Release|Any CPU
		{AE4F592E-3ED4-489D-9D08-8B94A82658B3}.Release|x86.Build.0 = Release|Any CPU
		{7E97C3FD-EF33-40AC-9FCC-FD3704373548}.Debug|Any CPU.ActiveCfg = Debug|Any CPU
		{7E97C3FD-EF33-40AC-9FCC-FD3704373548}.Debug|Any CPU.Build.0 = Debug|Any CPU
		{7E97C3FD-EF33-40AC-9FCC-FD3704373548}.Debug|x64.ActiveCfg = Debug|Any CPU
		{7E97C3FD-EF33-40AC-9FCC-FD3704373548}.Debug|x64.Build.0 = Debug|Any CPU
		{7E97C3FD-EF33-40AC-9FCC-FD3704373548}.Debug|x86.ActiveCfg = Debug|Any CPU
		{7E97C3FD-EF33-40AC-9FCC-FD3704373548}.Debug|x86.Build.0 = Debug|Any CPU
		{7E97C3FD-EF33-40AC-9FCC-FD3704373548}.Release|Any CPU.ActiveCfg = Release|Any CPU
		{7E97C3FD-EF33-40AC-9FCC-FD3704373548}.Release|Any CPU.Build.0 = Release|Any CPU
		{7E97C3FD-EF33-40AC-9FCC-FD3704373548}.Release|x64.ActiveCfg = Release|Any CPU
		{7E97C3FD-EF33-40AC-9FCC-FD3704373548}.Release|x64.Build.0 = Release|Any CPU
		{7E97C3FD-EF33-40AC-9FCC-FD3704373548}.Release|x86.ActiveCfg = Release|Any CPU
		{7E97C3FD-EF33-40AC-9FCC-FD3704373548}.Release|x86.Build.0 = Release|Any CPU
		{31C3D27A-5DBF-4955-A557-EC77EADAEFF5}.Debug|Any CPU.ActiveCfg = Debug|Any CPU
		{31C3D27A-5DBF-4955-A557-EC77EADAEFF5}.Debug|Any CPU.Build.0 = Debug|Any CPU
		{31C3D27A-5DBF-4955-A557-EC77EADAEFF5}.Debug|x64.ActiveCfg = Debug|Any CPU
		{31C3D27A-5DBF-4955-A557-EC77EADAEFF5}.Debug|x64.Build.0 = Debug|Any CPU
		{31C3D27A-5DBF-4955-A557-EC77EADAEFF5}.Debug|x86.ActiveCfg = Debug|Any CPU
		{31C3D27A-5DBF-4955-A557-EC77EADAEFF5}.Debug|x86.Build.0 = Debug|Any CPU
		{31C3D27A-5DBF-4955-A557-EC77EADAEFF5}.Release|Any CPU.ActiveCfg = Release|Any CPU
		{31C3D27A-5DBF-4955-A557-EC77EADAEFF5}.Release|Any CPU.Build.0 = Release|Any CPU
		{31C3D27A-5DBF-4955-A557-EC77EADAEFF5}.Release|x64.ActiveCfg = Release|Any CPU
		{31C3D27A-5DBF-4955-A557-EC77EADAEFF5}.Release|x64.Build.0 = Release|Any CPU
		{31C3D27A-5DBF-4955-A557-EC77EADAEFF5}.Release|x86.ActiveCfg = Release|Any CPU
		{31C3D27A-5DBF-4955-A557-EC77EADAEFF5}.Release|x86.Build.0 = Release|Any CPU
	EndGlobalSection
EndGlobal
